
Microsoft Visual Studio Solution File, Format Version 12.00
# Visual Studio 2013
VisualStudioVersion = 12.0.40629.0
MinimumVisualStudioVersion = 10.0.40219.1
Project("{FAE04EC0-301F-11D3-BF4B-00C04F79EFBC}") = "Testapi", "Testapi\Testapi.csproj", "{3E23A2B7-3B60-4AD8-9CD7-904187A7D6C2}"
EndProject
Project("{F088123C-0E9E-452A-89E6-6BA2F21D5CAC}") = "ModelingProject1", "ModelingProject1\ModelingProject1.modelproj", "{F15B631B-E949-4115-8B2E-9B5818031076}"
EndProject
Project("{FAE04EC0-301F-11D3-BF4B-00C04F79EFBC}") = "PST_Module", "PST_Module\PST_Module.csproj", "{1CAC124C-0F4C-4B92-A62C-4D7DE2A915C4}"
EndProject
Project("{FAE04EC0-301F-11D3-BF4B-00C04F79EFBC}") = "DTO", "DTO\DTO.csproj", "{6BD5C3D7-03F8-41D8-840C-064727028B32}"
EndProject
Project("{FAE04EC0-301F-11D3-BF4B-00C04F79EFBC}") = "AminoAcidData", "AminoAcidData\AminoAcidData.csproj", "{30F3C134-B761-4172-AEAD-B05C8931B3D7}"
EndProject
Global
	GlobalSection(SolutionConfigurationPlatforms) = preSolution
		Debug|Any CPU = Debug|Any CPU
		Release|Any CPU = Release|Any CPU
	EndGlobalSection
	GlobalSection(ProjectConfigurationPlatforms) = postSolution
		{3E23A2B7-3B60-4AD8-9CD7-904187A7D6C2}.Debug|Any CPU.ActiveCfg = Debug|Any CPU
		{3E23A2B7-3B60-4AD8-9CD7-904187A7D6C2}.Debug|Any CPU.Build.0 = Debug|Any CPU
		{3E23A2B7-3B60-4AD8-9CD7-904187A7D6C2}.Release|Any CPU.ActiveCfg = Release|Any CPU
		{3E23A2B7-3B60-4AD8-9CD7-904187A7D6C2}.Release|Any CPU.Build.0 = Release|Any CPU
		{F15B631B-E949-4115-8B2E-9B5818031076}.Debug|Any CPU.ActiveCfg = Debug|Any CPU
		{F15B631B-E949-4115-8B2E-9B5818031076}.Debug|Any CPU.Build.0 = Debug|Any CPU
		{F15B631B-E949-4115-8B2E-9B5818031076}.Release|Any CPU.ActiveCfg = Release|Any CPU
		{F15B631B-E949-4115-8B2E-9B5818031076}.Release|Any CPU.Build.0 = Release|Any CPU
		{1CAC124C-0F4C-4B92-A62C-4D7DE2A915C4}.Debug|Any CPU.ActiveCfg = Debug|Any CPU
		{1CAC124C-0F4C-4B92-A62C-4D7DE2A915C4}.Debug|Any CPU.Build.0 = Debug|Any CPU
		{1CAC124C-0F4C-4B92-A62C-4D7DE2A915C4}.Release|Any CPU.ActiveCfg = Release|Any CPU
		{1CAC124C-0F4C-4B92-A62C-4D7DE2A915C4}.Release|Any CPU.Build.0 = Release|Any CPU
		{6BD5C3D7-03F8-41D8-840C-064727028B32}.Debug|Any CPU.ActiveCfg = Debug|Any CPU
		{6BD5C3D7-03F8-41D8-840C-064727028B32}.Debug|Any CPU.Build.0 = Debug|Any CPU
		{6BD5C3D7-03F8-41D8-840C-064727028B32}.Release|Any CPU.ActiveCfg = Release|Any CPU
		{6BD5C3D7-03F8-41D8-840C-064727028B32}.Release|Any CPU.Build.0 = Release|Any CPU
		{30F3C134-B761-4172-AEAD-B05C8931B3D7}.Debug|Any CPU.ActiveCfg = Debug|Any CPU
		{30F3C134-B761-4172-AEAD-B05C8931B3D7}.Debug|Any CPU.Build.0 = Debug|Any CPU
		{30F3C134-B761-4172-AEAD-B05C8931B3D7}.Release|Any CPU.ActiveCfg = Release|Any CPU
		{30F3C134-B761-4172-AEAD-B05C8931B3D7}.Release|Any CPU.Build.0 = Release|Any CPU
	EndGlobalSection
	GlobalSection(SolutionProperties) = preSolution
		HideSolutionNode = FALSE
	EndGlobalSection
EndGlobal
